// !$*UTF8*$!
{
	archiveVersion = 1;
	classes = {
	};
	objectVersion = 46;
	objects = {

/* Begin PBXBuildFile section */
		22009916946A5D8C073BB52F /* Pods_pokedex.framework in Frameworks */ = {isa = PBXBuildFile; fileRef = 1DB90A29C1E496E9B47CD1CE /* Pods_pokedex.framework */; };
		8C1734FA1E328707001A4D63 /* PokemonDetailVC.swift in Sources */ = {isa = PBXBuildFile; fileRef = 8C1734F91E328707001A4D63 /* PokemonDetailVC.swift */; };
		8C2B29481E36407F00212EC5 /* Constants.swift in Sources */ = {isa = PBXBuildFile; fileRef = 8C2B29471E36407F00212EC5 /* Constants.swift */; };
		8C2CF3E21E323F3700A374FC /* csv.swift in Sources */ = {isa = PBXBuildFile; fileRef = 8C2CF3E11E323F3700A374FC /* csv.swift */; };
		8C2CF3E41E32448E00A374FC /* pokemon.ttf in Resources */ = {isa = PBXBuildFile; fileRef = 8C2CF3E31E32448E00A374FC /* pokemon.ttf */; };
		8C5F15A41E322504005CF209 /* AppDelegate.swift in Sources */ = {isa = PBXBuildFile; fileRef = 8C5F15A31E322504005CF209 /* AppDelegate.swift */; };
		8C5F15A61E322505005CF209 /* MainVC.swift in Sources */ = {isa = PBXBuildFile; fileRef = 8C5F15A51E322505005CF209 /* MainVC.swift */; };
		8C5F15A91E322505005CF209 /* Main.storyboard in Resources */ = {isa = PBXBuildFile; fileRef = 8C5F15A71E322505005CF209 /* Main.storyboard */; };
		8C5F15AB1E322505005CF209 /* Assets.xcassets in Resources */ = {isa = PBXBuildFile; fileRef = 8C5F15AA1E322505005CF209 /* Assets.xcassets */; };
		8C5F15AE1E322505005CF209 /* LaunchScreen.storyboard in Resources */ = {isa = PBXBuildFile; fileRef = 8C5F15AC1E322505005CF209 /* LaunchScreen.storyboard */; };
		8C5F15B61E322966005CF209 /* pokemon.csv in Resources */ = {isa = PBXBuildFile; fileRef = 8C5F15B51E322966005CF209 /* pokemon.csv */; };
		8C5F15B91E3229DE005CF209 /* Pokemon.swift in Sources */ = {isa = PBXBuildFile; fileRef = 8C5F15B81E3229DE005CF209 /* Pokemon.swift */; };
		8C5F15BC1E3233C8005CF209 /* PokeCell.swift in Sources */ = {isa = PBXBuildFile; fileRef = 8C5F15BB1E3233C8005CF209 /* PokeCell.swift */; };
/* End PBXBuildFile section */

/* Begin PBXFileReference section */
		1DB90A29C1E496E9B47CD1CE /* Pods_pokedex.framework */ = {isa = PBXFileReference; explicitFileType = wrapper.framework; includeInIndex = 0; path = Pods_pokedex.framework; sourceTree = BUILT_PRODUCTS_DIR; };
		881882AC4CE722B3FBFEC577 /* Pods-pokedex.release.xcconfig */ = {isa = PBXFileReference; includeInIndex = 1; lastKnownFileType = text.xcconfig; name = "Pods-pokedex.release.xcconfig"; path = "Pods/Target Support Files/Pods-pokedex/Pods-pokedex.release.xcconfig"; sourceTree = "<group>"; };
		8C1734F91E328707001A4D63 /* PokemonDetailVC.swift */ = {isa = PBXFileReference; fileEncoding = 4; lastKnownFileType = sourcecode.swift; path = PokemonDetailVC.swift; sourceTree = "<group>"; };
		8C2B29471E36407F00212EC5 /* Constants.swift */ = {isa = PBXFileReference; fileEncoding = 4; lastKnownFileType = sourcecode.swift; path = Constants.swift; sourceTree = "<group>"; };
		8C2CF3E11E323F3700A374FC /* csv.swift */ = {isa = PBXFileReference; fileEncoding = 4; lastKnownFileType = sourcecode.swift; path = csv.swift; sourceTree = "<group>"; };
		8C2CF3E31E32448E00A374FC /* pokemon.ttf */ = {isa = PBXFileReference; lastKnownFileType = file; path = pokemon.ttf; sourceTree = "<group>"; };
		8C5F15A01E322504005CF209 /* pokedex.app */ = {isa = PBXFileReference; explicitFileType = wrapper.application; includeInIndex = 0; path = pokedex.app; sourceTree = BUILT_PRODUCTS_DIR; };
		8C5F15A31E322504005CF209 /* AppDelegate.swift */ = {isa = PBXFileReference; lastKnownFileType = sourcecode.swift; path = AppDelegate.swift; sourceTree = "<group>"; };
		8C5F15A51E322505005CF209 /* MainVC.swift */ = {isa = PBXFileReference; lastKnownFileType = sourcecode.swift; path = MainVC.swift; sourceTree = "<group>"; };
		8C5F15A81E322505005CF209 /* Base */ = {isa = PBXFileReference; lastKnownFileType = file.storyboard; name = Base; path = Base.lproj/Main.storyboard; sourceTree = "<group>"; };
		8C5F15AA1E322505005CF209 /* Assets.xcassets */ = {isa = PBXFileReference; lastKnownFileType = folder.assetcatalog; path = Assets.xcassets; sourceTree = "<group>"; };
		8C5F15AD1E322505005CF209 /* Base */ = {isa = PBXFileReference; lastKnownFileType = file.storyboard; name = Base; path = Base.lproj/LaunchScreen.storyboard; sourceTree = "<group>"; };
		8C5F15AF1E322506005CF209 /* Info.plist */ = {isa = PBXFileReference; lastKnownFileType = text.plist.xml; path = Info.plist; sourceTree = "<group>"; };
		8C5F15B51E322966005CF209 /* pokemon.csv */ = {isa = PBXFileReference; fileEncoding = 4; lastKnownFileType = text; path = pokemon.csv; sourceTree = "<group>"; };
		8C5F15B81E3229DE005CF209 /* Pokemon.swift */ = {isa = PBXFileReference; fileEncoding = 4; lastKnownFileType = sourcecode.swift; path = Pokemon.swift; sourceTree = "<group>"; };
		8C5F15BB1E3233C8005CF209 /* PokeCell.swift */ = {isa = PBXFileReference; fileEncoding = 4; lastKnownFileType = sourcecode.swift; path = PokeCell.swift; sourceTree = "<group>"; };
		A422F632BF213BBAD518CE52 /* Pods-pokedex.debug.xcconfig */ = {isa = PBXFileReference; includeInIndex = 1; lastKnownFileType = text.xcconfig; name = "Pods-pokedex.debug.xcconfig"; path = "Pods/Target Support Files/Pods-pokedex/Pods-pokedex.debug.xcconfig"; sourceTree = "<group>"; };
/* End PBXFileReference section */

/* Begin PBXFrameworksBuildPhase section */
		8C5F159D1E322504005CF209 /* Frameworks */ = {
			isa = PBXFrameworksBuildPhase;
			buildActionMask = 2147483647;
			files = (
				22009916946A5D8C073BB52F /* Pods_pokedex.framework in Frameworks */,
			);
			runOnlyForDeploymentPostprocessing = 0;
		};
/* End PBXFrameworksBuildPhase section */

/* Begin PBXGroup section */
		4E29B52CBDEF95BC5410BF7E /* Frameworks */ = {
			isa = PBXGroup;
			children = (
				1DB90A29C1E496E9B47CD1CE /* Pods_pokedex.framework */,
			);
			name = Frameworks;
			sourceTree = "<group>";
		};
		5E96E83547ACDA5152500E13 /* Pods */ = {
			isa = PBXGroup;
			children = (
				A422F632BF213BBAD518CE52 /* Pods-pokedex.debug.xcconfig */,
				881882AC4CE722B3FBFEC577 /* Pods-pokedex.release.xcconfig */,
			);
			name = Pods;
			sourceTree = "<group>";
		};
		8C2CF3E51E3244A300A374FC /* Controller */ = {
			isa = PBXGroup;
			children = (
				8C5F15A51E322505005CF209 /* MainVC.swift */,
				8C1734F91E328707001A4D63 /* PokemonDetailVC.swift */,
			);
			name = Controller;
			sourceTree = "<group>";
		};
		8C2CF3E61E3244AB00A374FC /* Resources */ = {
			isa = PBXGroup;
			children = (
				8C5F15B51E322966005CF209 /* pokemon.csv */,
				8C2CF3E31E32448E00A374FC /* pokemon.ttf */,
			);
			name = Resources;
			sourceTree = "<group>";
		};
		8C2CF3E71E3244C800A374FC /* Util */ = {
			isa = PBXGroup;
			children = (
				8C2CF3E11E323F3700A374FC /* csv.swift */,
				8C2B29471E36407F00212EC5 /* Constants.swift */,
			);
			name = Util;
			sourceTree = "<group>";
		};
		8C5F15971E322504005CF209 = {
			isa = PBXGroup;
			children = (
				8C5F15A21E322504005CF209 /* pokedex */,
				8C5F15A11E322504005CF209 /* Products */,
				5E96E83547ACDA5152500E13 /* Pods */,
				4E29B52CBDEF95BC5410BF7E /* Frameworks */,
			);
			sourceTree = "<group>";
		};
		8C5F15A11E322504005CF209 /* Products */ = {
			isa = PBXGroup;
			children = (
				8C5F15A01E322504005CF209 /* pokedex.app */,
			);
			name = Products;
			sourceTree = "<group>";
		};
		8C5F15A21E322504005CF209 /* pokedex */ = {
			isa = PBXGroup;
			children = (
				8C5F15B71E3229C3005CF209 /* Model */,
				8C5F15BA1E32338E005CF209 /* View */,
				8C2CF3E51E3244A300A374FC /* Controller */,
				8C2CF3E71E3244C800A374FC /* Util */,
				8C2CF3E61E3244AB00A374FC /* Resources */,
				8C5F15A31E322504005CF209 /* AppDelegate.swift */,
				8C5F15A71E322505005CF209 /* Main.storyboard */,
				8C5F15AA1E322505005CF209 /* Assets.xcassets */,
				8C5F15AC1E322505005CF209 /* LaunchScreen.storyboard */,
				8C5F15AF1E322506005CF209 /* Info.plist */,
			);
			path = pokedex;
			sourceTree = "<group>";
		};
		8C5F15B71E3229C3005CF209 /* Model */ = {
			isa = PBXGroup;
			children = (
				8C5F15B81E3229DE005CF209 /* Pokemon.swift */,
			);
			name = Model;
			sourceTree = "<group>";
		};
		8C5F15BA1E32338E005CF209 /* View */ = {
			isa = PBXGroup;
			children = (
				8C5F15BB1E3233C8005CF209 /* PokeCell.swift */,
			);
			name = View;
			sourceTree = "<group>";
		};
/* End PBXGroup section */

/* Begin PBXNativeTarget section */
		8C5F159F1E322504005CF209 /* pokedex */ = {
			isa = PBXNativeTarget;
			buildConfigurationList = 8C5F15B21E322506005CF209 /* Build configuration list for PBXNativeTarget "pokedex" */;
			buildPhases = (
				C1A1DB0593DC070182BBFDBC /* [CP] Check Pods Manifest.lock */,
				8C5F159C1E322504005CF209 /* Sources */,
				8C5F159D1E322504005CF209 /* Frameworks */,
				8C5F159E1E322504005CF209 /* Resources */,
				1A24746A5698A7EBD0034FC5 /* [CP] Embed Pods Frameworks */,
				8C1559B2A1816ABBA953F195 /* [CP] Copy Pods Resources */,
			);
			buildRules = (
			);
			dependencies = (
			);
			name = pokedex;
			productName = pokedex;
			productReference = 8C5F15A01E322504005CF209 /* pokedex.app */;
			productType = "com.apple.product-type.application";
		};
/* End PBXNativeTarget section */

/* Begin PBXProject section */
		8C5F15981E322504005CF209 /* Project object */ = {
			isa = PBXProject;
			attributes = {
				LastSwiftUpdateCheck = 0820;
				LastUpgradeCheck = 0820;
				ORGANIZATIONNAME = "Tiago henrique";
				TargetAttributes = {
					8C5F159F1E322504005CF209 = {
						CreatedOnToolsVersion = 8.2.1;
						LastSwiftMigration = 0820;
						ProvisioningStyle = Automatic;
					};
				};
			};
			buildConfigurationList = 8C5F159B1E322504005CF209 /* Build configuration list for PBXProject "pokedex" */;
			compatibilityVersion = "Xcode 3.2";
			developmentRegion = English;
			hasScannedForEncodings = 0;
			knownRegions = (
				en,
				Base,
			);
			mainGroup = 8C5F15971E322504005CF209;
			productRefGroup = 8C5F15A11E322504005CF209 /* Products */;
			projectDirPath = "";
			projectRoot = "";
			targets = (
				8C5F159F1E322504005CF209 /* pokedex */,
			);
		};
/* End PBXProject section */

/* Begin PBXResourcesBuildPhase section */
		8C5F159E1E322504005CF209 /* Resources */ = {
			isa = PBXResourcesBuildPhase;
			buildActionMask = 2147483647;
			files = (
				8C2CF3E41E32448E00A374FC /* pokemon.ttf in Resources */,
				8C5F15AE1E322505005CF209 /* LaunchScreen.storyboard in Resources */,
				8C5F15AB1E322505005CF209 /* Assets.xcassets in Resources */,
				8C5F15B61E322966005CF209 /* pokemon.csv in Resources */,
				8C5F15A91E322505005CF209 /* Main.storyboard in Resources */,
			);
			runOnlyForDeploymentPostprocessing = 0;
		};
/* End PBXResourcesBuildPhase section */

/* Begin PBXShellScriptBuildPhase section */
		1A24746A5698A7EBD0034FC5 /* [CP] Embed Pods Frameworks */ = {
			isa = PBXShellScriptBuildPhase;
			buildActionMask = 2147483647;
			files = (
			);
			inputPaths = (
			);
			name = "[CP] Embed Pods Frameworks";
			outputPaths = (
			);
			runOnlyForDeploymentPostprocessing = 0;
			shellPath = /bin/sh;
			shellScript = "\"${SRCROOT}/Pods/Target Support Files/Pods-pokedex/Pods-pokedex-frameworks.sh\"\n";
			showEnvVarsInLog = 0;
		};
		8C1559B2A1816ABBA953F195 /* [CP] Copy Pods Resources */ = {
			isa = PBXShellScriptBuildPhase;
			buildActionMask = 2147483647;
			files = (
			);
			inputPaths = (
			);
			name = "[CP] Copy Pods Resources";
			outputPaths = (
			);
			runOnlyForDeploymentPostprocessing = 0;
			shellPath = /bin/sh;
			shellScript = "\"${SRCROOT}/Pods/Target Support Files/Pods-pokedex/Pods-pokedex-resources.sh\"\n";
			showEnvVarsInLog = 0;
		};
		C1A1DB0593DC070182BBFDBC /* [CP] Check Pods Manifest.lock */ = {
			isa = PBXShellScriptBuildPhase;
			buildActionMask = 2147483647;
			files = (
			);
			inputPaths = (
			);
			name = "[CP] Check Pods Manifest.lock";
			outputPaths = (
			);
			runOnlyForDeploymentPostprocessing = 0;
			shellPath = /bin/sh;
			shellScript = "diff \"${PODS_ROOT}/../Podfile.lock\" \"${PODS_ROOT}/Manifest.lock\" > /dev/null\nif [ $? != 0 ] ; then\n    # print error to STDERR\n    echo \"error: The sandbox is not in sync with the Podfile.lock. Run 'pod install' or update your CocoaPods installation.\" >&2\n    exit 1\nfi\n";
			showEnvVarsInLog = 0;
		};
/* End PBXShellScriptBuildPhase section */

/* Begin PBXSourcesBuildPhase section */
		8C5F159C1E322504005CF209 /* Sources */ = {
			isa = PBXSourcesBuildPhase;
			buildActionMask = 2147483647;
			files = (
				8C5F15BC1E3233C8005CF209 /* PokeCell.swift in Sources */,
				8C5F15A61E322505005CF209 /* MainVC.swift in Sources */,
				8C5F15A41E322504005CF209 /* AppDelegate.swift in Sources */,
				8C1734FA1E328707001A4D63 /* PokemonDetailVC.swift in Sources */,
				8C2B29481E36407F00212EC5 /* Constants.swift in Sources */,
				8C5F15B91E3229DE005CF209 /* Pokemon.swift in Sources */,
				8C2CF3E21E323F3700A374FC /* csv.swift in Sources */,
			);
			runOnlyForDeploymentPostprocessing = 0;
		};
/* End PBXSourcesBuildPhase section */

/* Begin PBXVariantGroup section */
		8C5F15A71E322505005CF209 /* Main.storyboard */ = {
			isa = PBXVariantGroup;
			children = (
				8C5F15A81E322505005CF209 /* Base */,
			);
			name = Main.storyboard;
			sourceTree = "<group>";
		};
		8C5F15AC1E322505005CF209 /* LaunchScreen.storyboard */ = {
			isa = PBXVariantGroup;
			children = (
				8C5F15AD1E322505005CF209 /* Base */,
			);
			name = LaunchScreen.storyboard;
			sourceTree = "<group>";
		};
/* End PBXVariantGroup section */

/* Begin XCBuildConfiguration section */
		8C5F15B01E322506005CF209 /* Debug */ = {
			isa = XCBuildConfiguration;
			buildSettings = {
				ALWAYS_SEARCH_USER_PATHS = NO;
				CLANG_ANALYZER_NONNULL = YES;
				CLANG_CXX_LANGUAGE_STANDARD = "gnu++0x";
				CLANG_CXX_LIBRARY = "libc++";
				CLANG_ENABLE_MODULES = YES;
				CLANG_ENABLE_OBJC_ARC = YES;
				CLANG_WARN_BOOL_CONVERSION = YES;
				CLANG_WARN_CONSTANT_CONVERSION = YES;
				CLANG_WARN_DIRECT_OBJC_ISA_USAGE = YES_ERROR;
				CLANG_WARN_DOCUMENTATION_COMMENTS = YES;
				CLANG_WARN_EMPTY_BODY = YES;
				CLANG_WARN_ENUM_CONVERSION = YES;
				CLANG_WARN_INFINITE_RECURSION = YES;
				CLANG_WARN_INT_CONVERSION = YES;
				CLANG_WARN_OBJC_ROOT_CLASS = YES_ERROR;
				CLANG_WARN_SUSPICIOUS_MOVE = YES;
				CLANG_WARN_UNREACHABLE_CODE = YES;
				CLANG_WARN__DUPLICATE_METHOD_MATCH = YES;
				"CODE_SIGN_IDENTITY[sdk=iphoneos*]" = "iPhone Developer";
				COPY_PHASE_STRIP = NO;
				DEBUG_INFORMATION_FORMAT = dwarf;
				ENABLE_STRICT_OBJC_MSGSEND = YES;
				ENABLE_TESTABILITY = YES;
				GCC_C_LANGUAGE_STANDARD = gnu99;
				GCC_DYNAMIC_NO_PIC = NO;
				GCC_NO_COMMON_BLOCKS = YES;
				GCC_OPTIMIZATION_LEVEL = 0;
				GCC_PREPROCESSOR_DEFINITIONS = (
					"DEBUG=1",
					"$(inherited)",
				);
				GCC_WARN_64_TO_32_BIT_CONVERSION = YES;
				GCC_WARN_ABOUT_RETURN_TYPE = YES_ERROR;
				GCC_WARN_UNDECLARED_SELECTOR = YES;
				GCC_WARN_UNINITIALIZED_AUTOS = YES_AGGRESSIVE;
				GCC_WARN_UNUSED_FUNCTION = YES;
				GCC_WARN_UNUSED_VARIABLE = YES;
				IPHONEOS_DEPLOYMENT_TARGET = 10.2;
				MTL_ENABLE_DEBUG_INFO = YES;
				ONLY_ACTIVE_ARCH = YES;
				SDKROOT = iphoneos;
				SWIFT_ACTIVE_COMPILATION_CONDITIONS = DEBUG;
				SWIFT_OPTIMIZATION_LEVEL = "-Onone";
			};
			name = Debug;
		};
		8C5F15B11E322506005CF209 /* Release */ = {
			isa = XCBuildConfiguration;
			buildSettings = {
				ALWAYS_SEARCH_USER_PATHS = NO;
				CLANG_ANALYZER_NONNULL = YES;
				CLANG_CXX_LANGUAGE_STANDARD = "gnu++0x";
				CLANG_CXX_LIBRARY = "libc++";
				CLANG_ENABLE_MODULES = YES;
				CLANG_ENABLE_OBJC_ARC = YES;
				CLANG_WARN_BOOL_CONVERSION = YES;
				CLANG_WARN_CONSTANT_CONVERSION = YES;
				CLANG_WARN_DIRECT_OBJC_ISA_USAGE = YES_ERROR;
				CLANG_WARN_DOCUMENTATION_COMMENTS = YES;
				CLANG_WARN_EMPTY_BODY = YES;
				CLANG_WARN_ENUM_CONVERSION = YES;
				CLANG_WARN_INFINITE_RECURSION = YES;
				CLANG_WARN_INT_CONVERSION = YES;
				CLANG_WARN_OBJC_ROOT_CLASS = YES_ERROR;
				CLANG_WARN_SUSPICIOUS_MOVE = YES;
				CLANG_WARN_UNREACHABLE_CODE = YES;
				CLANG_WARN__DUPLICATE_METHOD_MATCH = YES;
				"CODE_SIGN_IDENTITY[sdk=iphoneos*]" = "iPhone Developer";
				COPY_PHASE_STRIP = NO;
				DEBUG_INFORMATION_FORMAT = "dwarf-with-dsym";
				ENABLE_NS_ASSERTIONS = NO;
				ENABLE_STRICT_OBJC_MSGSEND = YES;
				GCC_C_LANGUAGE_STANDARD = gnu99;
				GCC_NO_COMMON_BLOCKS = YES;
				GCC_WARN_64_TO_32_BIT_CONVERSION = YES;
				GCC_WARN_ABOUT_RETURN_TYPE = YES_ERROR;
				GCC_WARN_UNDECLARED_SELECTOR = YES;
				GCC_WARN_UNINITIALIZED_AUTOS = YES_AGGRESSIVE;
				GCC_WARN_UNUSED_FUNCTION = YES;
				GCC_WARN_UNUSED_VARIABLE = YES;
				IPHONEOS_DEPLOYMENT_TARGET = 10.2;
				MTL_ENABLE_DEBUG_INFO = NO;
				SDKROOT = iphoneos;
				SWIFT_OPTIMIZATION_LEVEL = "-Owholemodule";
				VALIDATE_PRODUCT = YES;
			};
			name = Release;
		};
		8C5F15B31E322506005CF209 /* Debug */ = {
			isa = XCBuildConfiguration;
			baseConfigurationReference = A422F632BF213BBAD518CE52 /* Pods-pokedex.debug.xcconfig */;
			buildSettings = {
				ASSETCATALOG_COMPILER_APPICON_NAME = AppIcon;
				INFOPLIST_FILE = pokedex/Info.plist;
				LD_RUNPATH_SEARCH_PATHS = "$(inherited) @executable_path/Frameworks";
				PRODUCT_BUNDLE_IDENTIFIER = coutocode.pokedex;
				PRODUCT_NAME = "$(TARGET_NAME)";
				SWIFT_VERSION = 3.0;
			};
			name = Debug;
		};
		8C5F15B41E322506005CF209 /* Release */ = {
			isa = XCBuildConfiguration;
			baseConfigurationReference = 881882AC4CE722B3FBFEC577 /* Pods-pokedex.release.xcconfig */;
			buildSettings = {
				ASSETCATALOG_COMPILER_APPICON_NAME = AppIcon;
				INFOPLIST_FILE = pokedex/Info.plist;
				LD_RUNPATH_SEARCH_PATHS = "$(inherited) @executable_path/Frameworks";
				PRODUCT_BUNDLE_IDENTIFIER = coutocode.pokedex;
				PRODUCT_NAME = "$(TARGET_NAME)";
				SWIFT_VERSION = 3.0;
			};
			name = Release;
		};
/* End XCBuildConfiguration section */

/* Begin XCConfigurationList section */
		8C5F159B1E322504005CF209 /* Build configuration list for PBXProject "pokedex" */ = {
			isa = XCConfigurationList;
			buildConfigurations = (
				8C5F15B01E322506005CF209 /* Debug */,
				8C5F15B11E322506005CF209 /* Release */,
			);
			defaultConfigurationIsVisible = 0;
			defaultConfigurationName = Release;
		};
		8C5F15B21E322506005CF209 /* Build configuration list for PBXNativeTarget "pokedex" */ = {
			isa = XCConfigurationList;
			buildConfigurations = (
				8C5F15B31E322506005CF209 /* Debug */,
				8C5F15B41E322506005CF209 /* Release */,
			);
			defaultConfigurationIsVisible = 0;
			defaultConfigurationName = Release;
		};
/* End XCConfigurationList section */
	};
	rootObject = 8C5F15981E322504005CF209 /* Project object */;
}
